
Microsoft Visual Studio Solution File, Format Version 12.00
# Visual Studio Version 16
VisualStudioVersion = 16.0.30711.63
MinimumVisualStudioVersion = 10.0.40219.1
Project("{FAE04EC0-301F-11D3-BF4B-00C04F79EFBC}") = "artilectBigBro", "artilectBigBro\artilectBigBro.csproj", "{462BADC1-A7F7-4DF7-8432-9B2ED9E75FF1}"
EndProject
Global
	GlobalSection(SolutionConfigurationPlatforms) = preSolution
		Debug|Any CPU = Debug|Any CPU
		Release|Any CPU = Release|Any CPU
	EndGlobalSection
	GlobalSection(ProjectConfigurationPlatforms) = postSolution
		{462BADC1-A7F7-4DF7-8432-9B2ED9E75FF1}.Debug|Any CPU.ActiveCfg = Debug|Any CPU
		{462BADC1-A7F7-4DF7-8432-9B2ED9E75FF1}.Debug|Any CPU.Build.0 = Debug|Any CPU
		{462BADC1-A7F7-4DF7-8432-9B2ED9E75FF1}.Release|Any CPU.ActiveCfg = Release|Any CPU
		{462BADC1-A7F7-4DF7-8432-9B2ED9E75FF1}.Release|Any CPU.Build.0 = Release|Any CPU
	EndGlobalSection
	GlobalSection(SolutionProperties) = preSolution
		HideSolutionNode = FALSE
	EndGlobalSection
	GlobalSection(ExtensibilityGlobals) = postSolution
		SolutionGuid = {7384ED5A-0A32-463E-9C86-9C2EBB6BCF7B}
	EndGlobalSection
EndGlobal
